
Microsoft Visual Studio Solution File, Format Version 12.00
# Visual Studio 2013
VisualStudioVersion = 12.0.21005.1
MinimumVisualStudioVersion = 10.0.40219.1
Project("{FAE04EC0-301F-11D3-BF4B-00C04F79EFBC}") = "01.ExchangeIfGreater", "01.ExchangeIfGreater\01.ExchangeIfGreater.csproj", "{D15F61C3-1DD1-4EBB-BD53-EAA6DB9122C4}"
EndProject
Project("{FAE04EC0-301F-11D3-BF4B-00C04F79EFBC}") = "02.BonusScore", "02.BonusScore\02.BonusScore.csproj", "{72E49819-3BCB-419B-AC4F-B148FFE539B6}"
EndProject
Project("{FAE04EC0-301F-11D3-BF4B-00C04F79EFBC}") = "03.CheckForPlayCard", "03.CheckForPlayCard\03.CheckForPlayCard.csproj", "{AA12969D-0E95-4FAD-8F1A-549DBB3AFC44}"
EndProject
Project("{FAE04EC0-301F-11D3-BF4B-00C04F79EFBC}") = "04.MultiplicationSign", "04.MultiplicationSign\04.MultiplicationSign.csproj", "{220D2DF0-B015-4B53-AB35-03678DF91655}"
EndProject
Project("{FAE04EC0-301F-11D3-BF4B-00C04F79EFBC}") = "06.TheBiggestOfFiveNumbers", "06.TheBiggestOfFiveNumbers\06.TheBiggestOfFiveNumbers.csproj", "{48AE5198-33A0-4792-9B7C-76CDFC7454D0}"
EndProject
Project("{FAE04EC0-301F-11D3-BF4B-00C04F79EFBC}") = "05.TheBiggestOfThreeNumbers", "05.TheBiggestOfThreeNumbers\05.TheBiggestOfThreeNumbers.csproj", "{69FFB8FA-F616-420B-93D3-17C55707F8F9}"
EndProject
Project("{FAE04EC0-301F-11D3-BF4B-00C04F79EFBC}") = "07.SortThreeNumbers", "07.SortThreeNumbers\07.SortThreeNumbers.csproj", "{BADD4AD6-37C0-4E3F-B7D9-5863FCB793EC}"
EndProject
Project("{FAE04EC0-301F-11D3-BF4B-00C04F79EFBC}") = "08.DigitAsWord", "08.DigitAsWord\08.DigitAsWord.csproj", "{9268187B-9F88-44BF-819A-F307C85875E7}"
EndProject
Project("{FAE04EC0-301F-11D3-BF4B-00C04F79EFBC}") = "09.PlayWithIntDoubleString", "09.PlayWithIntDoubleString\09.PlayWithIntDoubleString.csproj", "{888BFCD9-C834-477C-96D9-133964126E5C}"
EndProject
Project("{FAE04EC0-301F-11D3-BF4B-00C04F79EFBC}") = "10.BeerTime", "10.BeerTime\10.BeerTime.csproj", "{68F26844-FBC1-488C-A86E-64631A54B86D}"
EndProject
Global
	GlobalSection(SolutionConfigurationPlatforms) = preSolution
		Debug|Any CPU = Debug|Any CPU
		Release|Any CPU = Release|Any CPU
	EndGlobalSection
	GlobalSection(ProjectConfigurationPlatforms) = postSolution
		{D15F61C3-1DD1-4EBB-BD53-EAA6DB9122C4}.Debug|Any CPU.ActiveCfg = Debug|Any CPU
		{D15F61C3-1DD1-4EBB-BD53-EAA6DB9122C4}.Debug|Any CPU.Build.0 = Debug|Any CPU
		{D15F61C3-1DD1-4EBB-BD53-EAA6DB9122C4}.Release|Any CPU.ActiveCfg = Release|Any CPU
		{D15F61C3-1DD1-4EBB-BD53-EAA6DB9122C4}.Release|Any CPU.Build.0 = Release|Any CPU
		{72E49819-3BCB-419B-AC4F-B148FFE539B6}.Debug|Any CPU.ActiveCfg = Debug|Any CPU
		{72E49819-3BCB-419B-AC4F-B148FFE539B6}.Debug|Any CPU.Build.0 = Debug|Any CPU
		{72E49819-3BCB-419B-AC4F-B148FFE539B6}.Release|Any CPU.ActiveCfg = Release|Any CPU
		{72E49819-3BCB-419B-AC4F-B148FFE539B6}.Release|Any CPU.Build.0 = Release|Any CPU
		{AA12969D-0E95-4FAD-8F1A-549DBB3AFC44}.Debug|Any CPU.ActiveCfg = Debug|Any CPU
		{AA12969D-0E95-4FAD-8F1A-549DBB3AFC44}.Debug|Any CPU.Build.0 = Debug|Any CPU
		{AA12969D-0E95-4FAD-8F1A-549DBB3AFC44}.Release|Any CPU.ActiveCfg = Release|Any CPU
		{AA12969D-0E95-4FAD-8F1A-549DBB3AFC44}.Release|Any CPU.Build.0 = Release|Any CPU
		{220D2DF0-B015-4B53-AB35-03678DF91655}.Debug|Any CPU.ActiveCfg = Debug|Any CPU
		{220D2DF0-B015-4B53-AB35-03678DF91655}.Debug|Any CPU.Build.0 = Debug|Any CPU
		{220D2DF0-B015-4B53-AB35-03678DF91655}.Release|Any CPU.ActiveCfg = Release|Any CPU
		{220D2DF0-B015-4B53-AB35-03678DF91655}.Release|Any CPU.Build.0 = Release|Any CPU
		{48AE5198-33A0-4792-9B7C-76CDFC7454D0}.Debug|Any CPU.ActiveCfg = Debug|Any CPU
		{48AE5198-33A0-4792-9B7C-76CDFC7454D0}.Debug|Any CPU.Build.0 = Debug|Any CPU
		{48AE5198-33A0-4792-9B7C-76CDFC7454D0}.Release|Any CPU.ActiveCfg = Release|Any CPU
		{48AE5198-33A0-4792-9B7C-76CDFC7454D0}.Release|Any CPU.Build.0 = Release|Any CPU
		{69FFB8FA-F616-420B-93D3-17C55707F8F9}.Debug|Any CPU.ActiveCfg = Debug|Any CPU
		{69FFB8FA-F616-420B-93D3-17C55707F8F9}.Debug|Any CPU.Build.0 = Debug|Any CPU
		{69FFB8FA-F616-420B-93D3-17C55707F8F9}.Release|Any CPU.ActiveCfg = Release|Any CPU
		{69FFB8FA-F616-420B-93D3-17C55707F8F9}.Release|Any CPU.Build.0 = Release|Any CPU
		{BADD4AD6-37C0-4E3F-B7D9-5863FCB793EC}.Debug|Any CPU.ActiveCfg = Debug|Any CPU
		{BADD4AD6-37C0-4E3F-B7D9-5863FCB793EC}.Debug|Any CPU.Build.0 = Debug|Any CPU
		{BADD4AD6-37C0-4E3F-B7D9-5863FCB793EC}.Release|Any CPU.ActiveCfg = Release|Any CPU
		{BADD4AD6-37C0-4E3F-B7D9-5863FCB793EC}.Release|Any CPU.Build.0 = Release|Any CPU
		{9268187B-9F88-44BF-819A-F307C85875E7}.Debug|Any CPU.ActiveCfg = Debug|Any CPU
		{9268187B-9F88-44BF-819A-F307C85875E7}.Debug|Any CPU.Build.0 = Debug|Any CPU
		{9268187B-9F88-44BF-819A-F307C85875E7}.Release|Any CPU.ActiveCfg = Release|Any CPU
		{9268187B-9F88-44BF-819A-F307C85875E7}.Release|Any CPU.Build.0 = Release|Any CPU
		{888BFCD9-C834-477C-96D9-133964126E5C}.Debug|Any CPU.ActiveCfg = Debug|Any CPU
		{888BFCD9-C834-477C-96D9-133964126E5C}.Debug|Any CPU.Build.0 = Debug|Any CPU
		{888BFCD9-C834-477C-96D9-133964126E5C}.Release|Any CPU.ActiveCfg = Release|Any CPU
		{888BFCD9-C834-477C-96D9-133964126E5C}.Release|Any CPU.Build.0 = Release|Any CPU
		{68F26844-FBC1-488C-A86E-64631A54B86D}.Debug|Any CPU.ActiveCfg = Debug|Any CPU
		{68F26844-FBC1-488C-A86E-64631A54B86D}.Debug|Any CPU.Build.0 = Debug|Any CPU
		{68F26844-FBC1-488C-A86E-64631A54B86D}.Release|Any CPU.ActiveCfg = Release|Any CPU
		{68F26844-FBC1-488C-A86E-64631A54B86D}.Release|Any CPU.Build.0 = Release|Any CPU
	EndGlobalSection
	GlobalSection(SolutionProperties) = preSolution
		HideSolutionNode = FALSE
	EndGlobalSection
EndGlobal
