
Microsoft Visual Studio Solution File, Format Version 12.00
# Visual Studio 2013
VisualStudioVersion = 12.0.21005.1
MinimumVisualStudioVersion = 10.0.40219.1
Project("{FAE04EC0-301F-11D3-BF4B-00C04F79EFBC}") = "1.PrintingNumbers", "1.PrintingNumbers\1.PrintingNumbers.csproj", "{A63E344A-7D55-473C-8A66-DBA879029C73}"
EndProject
Project("{FAE04EC0-301F-11D3-BF4B-00C04F79EFBC}") = "2.PowerTask", "2.Power\2.PowerTask.csproj", "{C5E3C413-743F-4A96-A1A4-4A363BFE82E0}"
EndProject
Project("{FAE04EC0-301F-11D3-BF4B-00C04F79EFBC}") = "3.Integers", "3.Integers\3.Integers.csproj", "{7E6266C2-79A8-4743-8638-53618532C22F}"
EndProject
Project("{FAE04EC0-301F-11D3-BF4B-00C04F79EFBC}") = "4.TextModification", "4.TextModification\4.TextModification.csproj", "{361B8463-A566-4F51-A7A3-BCBE57165269}"
EndProject
Project("{FAE04EC0-301F-11D3-BF4B-00C04F79EFBC}") = "5.BubbleSort", "5.BubbleSort\5.BubbleSort.csproj", "{F5551186-267E-4404-A3F0-CF235D64B976}"
EndProject
Global
	GlobalSection(SolutionConfigurationPlatforms) = preSolution
		Debug|Any CPU = Debug|Any CPU
		Release|Any CPU = Release|Any CPU
	EndGlobalSection
	GlobalSection(ProjectConfigurationPlatforms) = postSolution
		{A63E344A-7D55-473C-8A66-DBA879029C73}.Debug|Any CPU.ActiveCfg = Debug|Any CPU
		{A63E344A-7D55-473C-8A66-DBA879029C73}.Debug|Any CPU.Build.0 = Debug|Any CPU
		{A63E344A-7D55-473C-8A66-DBA879029C73}.Release|Any CPU.ActiveCfg = Release|Any CPU
		{A63E344A-7D55-473C-8A66-DBA879029C73}.Release|Any CPU.Build.0 = Release|Any CPU
		{C5E3C413-743F-4A96-A1A4-4A363BFE82E0}.Debug|Any CPU.ActiveCfg = Debug|Any CPU
		{C5E3C413-743F-4A96-A1A4-4A363BFE82E0}.Debug|Any CPU.Build.0 = Debug|Any CPU
		{C5E3C413-743F-4A96-A1A4-4A363BFE82E0}.Release|Any CPU.ActiveCfg = Release|Any CPU
		{C5E3C413-743F-4A96-A1A4-4A363BFE82E0}.Release|Any CPU.Build.0 = Release|Any CPU
		{7E6266C2-79A8-4743-8638-53618532C22F}.Debug|Any CPU.ActiveCfg = Debug|Any CPU
		{7E6266C2-79A8-4743-8638-53618532C22F}.Debug|Any CPU.Build.0 = Debug|Any CPU
		{7E6266C2-79A8-4743-8638-53618532C22F}.Release|Any CPU.ActiveCfg = Release|Any CPU
		{7E6266C2-79A8-4743-8638-53618532C22F}.Release|Any CPU.Build.0 = Release|Any CPU
		{361B8463-A566-4F51-A7A3-BCBE57165269}.Debug|Any CPU.ActiveCfg = Debug|Any CPU
		{361B8463-A566-4F51-A7A3-BCBE57165269}.Debug|Any CPU.Build.0 = Debug|Any CPU
		{361B8463-A566-4F51-A7A3-BCBE57165269}.Release|Any CPU.ActiveCfg = Release|Any CPU
		{361B8463-A566-4F51-A7A3-BCBE57165269}.Release|Any CPU.Build.0 = Release|Any CPU
		{F5551186-267E-4404-A3F0-CF235D64B976}.Debug|Any CPU.ActiveCfg = Debug|Any CPU
		{F5551186-267E-4404-A3F0-CF235D64B976}.Debug|Any CPU.Build.0 = Debug|Any CPU
		{F5551186-267E-4404-A3F0-CF235D64B976}.Release|Any CPU.ActiveCfg = Release|Any CPU
		{F5551186-267E-4404-A3F0-CF235D64B976}.Release|Any CPU.Build.0 = Release|Any CPU
	EndGlobalSection
	GlobalSection(SolutionProperties) = preSolution
		HideSolutionNode = FALSE
	EndGlobalSection
EndGlobal
