
Microsoft Visual Studio Solution File, Format Version 12.00
# Visual Studio 2013
VisualStudioVersion = 12.0.21005.1
MinimumVisualStudioVersion = 10.0.40219.1
Project("{FAE04EC0-301F-11D3-BF4B-00C04F79EFBC}") = "01.WeAllLoveBits", "01.WeAllLoveBits\01.WeAllLoveBits.csproj", "{356DF91A-FB4F-409B-ACE5-A0E09474113D}"
EndProject
Project("{FAE04EC0-301F-11D3-BF4B-00C04F79EFBC}") = "01.WeAllLoveBits-2", "01.WeAllLoveBits-2\01.WeAllLoveBits-2.csproj", "{95399635-CDE7-4F2E-A052-264787985E8E}"
EndProject
Project("{FAE04EC0-301F-11D3-BF4B-00C04F79EFBC}") = "02.GameOfBits", "02.GameOfBits\02.GameOfBits.csproj", "{F5BDC423-4A44-49C9-AF24-269FB6ED53DC}"
EndProject
Project("{FAE04EC0-301F-11D3-BF4B-00C04F79EFBC}") = "02.GameOfBits-2", "02.GameOfBits-2\02.GameOfBits-2.csproj", "{BD6B3DB8-F74B-4077-BB6B-07D8C5345EA1}"
EndProject
Project("{FAE04EC0-301F-11D3-BF4B-00C04F79EFBC}") = "03.BitsAtCrossroads", "03.BitsAtCrossroads\03.BitsAtCrossroads.csproj", "{F4E5C456-04FD-41F7-BC75-580DBF434B39}"
EndProject
Project("{FAE04EC0-301F-11D3-BF4B-00C04F79EFBC}") = "03.BitsAtCrossroads-2", "03.BitsAtCrossroads-2\03.BitsAtCrossroads-2.csproj", "{D7FEC97B-47C1-4C7E-B344-B40FD255B75D}"
EndProject
Project("{FAE04EC0-301F-11D3-BF4B-00C04F79EFBC}") = "03.BitsAtCrossroads-3", "03.BitsAtCrossroads-3\03.BitsAtCrossroads-3.csproj", "{05873C4C-4057-4CAD-8047-BEBA8C2C6446}"
EndProject
Project("{FAE04EC0-301F-11D3-BF4B-00C04F79EFBC}") = "04.KnightPath", "04.KnightPath\04.KnightPath.csproj", "{068C33F1-7219-49F1-9ED7-9937F6F2BAAA}"
EndProject
Project("{FAE04EC0-301F-11D3-BF4B-00C04F79EFBC}") = "04.KnightPath-2", "04.KnightPath-2\04.KnightPath-2.csproj", "{DA561CA0-0F55-4CD8-928C-2E7455ED6A85}"
EndProject
Project("{FAE04EC0-301F-11D3-BF4B-00C04F79EFBC}") = "05.BitPaths", "05.BitPaths\05.BitPaths.csproj", "{37A6E8F8-D7BD-4B68-9A96-9E8A1CA56B9A}"
EndProject
Project("{FAE04EC0-301F-11D3-BF4B-00C04F79EFBC}") = "05.BitPaths-2", "05.BitPaths-2\05.BitPaths-2.csproj", "{5851A905-9B9D-4816-8C17-9CCB485BE8B6}"
EndProject
Project("{FAE04EC0-301F-11D3-BF4B-00C04F79EFBC}") = "05.BitPaths-3", "05.BitPaths-3\05.BitPaths-3.csproj", "{A4A883DD-884C-497D-BF96-4479CDE966E1}"
EndProject
Project("{FAE04EC0-301F-11D3-BF4B-00C04F79EFBC}") = "06.BitRoller", "06.BittRoller\06.BitRoller.csproj", "{172F2564-0200-4546-836C-FA758BABECCE}"
EndProject
Project("{FAE04EC0-301F-11D3-BF4B-00C04F79EFBC}") = "06.BitRoller-2", "06.BittRoler-2\06.BitRoller-2.csproj", "{BD4ACB03-E1C5-4F5A-AD9B-08C90A73E774}"
EndProject
Project("{FAE04EC0-301F-11D3-BF4B-00C04F79EFBC}") = "06.BitRoller-3", "06.BitRoller-3\06.BitRoller-3.csproj", "{29B558C0-786D-44AD-9912-E36A0B81D4B7}"
EndProject
Project("{FAE04EC0-301F-11D3-BF4B-00C04F79EFBC}") = "07.BitsUp", "07.BitsUp\07.BitsUp.csproj", "{C31D2820-166F-4759-8A5B-9FC355ABB657}"
EndProject
Project("{FAE04EC0-301F-11D3-BF4B-00C04F79EFBC}") = "07.BitsUp-2", "07.BitsUp-2\07.BitsUp-2.csproj", "{3686380F-952B-479D-B69F-40FAAB13EAE1}"
EndProject
Project("{FAE04EC0-301F-11D3-BF4B-00C04F79EFBC}") = "08.GameOfLive", "08.GameOfLive\08.GameOfLive.csproj", "{E158EA09-FCAA-4B89-BB7E-04799483A94F}"
EndProject
Project("{FAE04EC0-301F-11D3-BF4B-00C04F79EFBC}") = "08.GameOfLive-2", "08.GameOfLive-2\08.GameOfLive-2.csproj", "{7899B10E-2427-4C13-AFD7-6DD635D807BF}"
EndProject
Project("{FAE04EC0-301F-11D3-BF4B-00C04F79EFBC}") = "09.BitBuilder", "09.BitBuilder\09.BitBuilder.csproj", "{95621DE4-9E44-4EA5-B1D9-B7310195FAF6}"
EndProject
Project("{FAE04EC0-301F-11D3-BF4B-00C04F79EFBC}") = "09.BitBuilder-2", "09.BitBuilder-2\09.BitBuilder-2.csproj", "{B2FEA81F-DA45-4773-89DB-7F54C8F65AFD}"
EndProject
Project("{FAE04EC0-301F-11D3-BF4B-00C04F79EFBC}") = "10.PaintBall", "10.PaintBall\10.PaintBall.csproj", "{3DF66AB4-4AA6-4B90-8A68-EE614FAA9A66}"
EndProject
Project("{FAE04EC0-301F-11D3-BF4B-00C04F79EFBC}") = "10.PaintBall-2", "10.PaintBall-2\10.PaintBall-2.csproj", "{2484CCE3-02B7-477E-BA82-4079E3596884}"
EndProject
Project("{FAE04EC0-301F-11D3-BF4B-00C04F79EFBC}") = "11.BitFlipper", "11.BitFlipper\11.BitFlipper.csproj", "{906EF8A3-6729-41B6-BB49-0B35EBEA6B0E}"
EndProject
Project("{FAE04EC0-301F-11D3-BF4B-00C04F79EFBC}") = "11.BitFlipper-2", "11.BitFlipper-2\11.BitFlipper-2.csproj", "{A3C3DDA1-1D39-4D64-A8BD-30081BB38B27}"
EndProject
Project("{FAE04EC0-301F-11D3-BF4B-00C04F79EFBC}") = "12.X-Bits", "12.X-Bits\12.X-Bits.csproj", "{1624765D-4545-40E8-AEE5-83A6CA0B53B3}"
EndProject
Project("{FAE04EC0-301F-11D3-BF4B-00C04F79EFBC}") = "12.X-Bits-2", "12.X-Bits-2\12.X-Bits-2.csproj", "{AE8DC954-B3BE-4892-A806-7E581A782903}"
EndProject
Project("{FAE04EC0-301F-11D3-BF4B-00C04F79EFBC}") = "13.BitSwaper", "13.BitSwaper\13.BitSwaper.csproj", "{AFFF94CC-12B3-4E4B-8AE9-B3D2B0346338}"
EndProject
Project("{FAE04EC0-301F-11D3-BF4B-00C04F79EFBC}") = "14.BitLock", "14.BitLock\14.BitLock.csproj", "{1FAEEAA9-07E3-4FA7-B618-4DF7711F9F83}"
EndProject
Project("{FAE04EC0-301F-11D3-BF4B-00C04F79EFBC}") = "15.DoubleDowns", "15.DoubleDowns\15.DoubleDowns.csproj", "{2A1E3D22-D6C0-4852-B9E2-90C237886124}"
EndProject
Project("{FAE04EC0-301F-11D3-BF4B-00C04F79EFBC}") = "16.ChangeEvenBits", "16.ChangeEvenBits\16.ChangeEvenBits.csproj", "{7C7614CB-1287-4CBF-B197-699193724B51}"
EndProject
Project("{FAE04EC0-301F-11D3-BF4B-00C04F79EFBC}") = "17.BitsInventer", "17.BitsInventer\17.BitsInventer.csproj", "{240DA98A-BD31-4911-82DD-8582A328246C}"
EndProject
Project("{FAE04EC0-301F-11D3-BF4B-00C04F79EFBC}") = "18.BitSifting", "18.BitSifting\18.BitSifting.csproj", "{C0A97C32-ABB1-4A89-8B4A-CB392D3ACB3C}"
EndProject
Project("{FAE04EC0-301F-11D3-BF4B-00C04F79EFBC}") = "18.BitSifting-2", "18.BitSifting-2\18.BitSifting-2.csproj", "{AF81ED71-1C8C-4C47-AEFA-584009C33AB4}"
EndProject
Project("{FAE04EC0-301F-11D3-BF4B-00C04F79EFBC}") = "19.CatchTheBits", "19.CatchTheBits\19.CatchTheBits.csproj", "{C3461C8E-F1EB-4260-8B47-D5B917998981}"
EndProject
Project("{FAE04EC0-301F-11D3-BF4B-00C04F79EFBC}") = "20.BitKiller", "20.BitKiller\20.BitKiller.csproj", "{51C2D51E-700B-4158-90DF-7E22CDA2BE63}"
EndProject
Project("{FAE04EC0-301F-11D3-BF4B-00C04F79EFBC}") = "21.BitShooter", "21.BitShooter\21.BitShooter.csproj", "{62C1422B-9B4D-445B-B726-228915E7B930}"
EndProject
Project("{FAE04EC0-301F-11D3-BF4B-00C04F79EFBC}") = "22.FriendBits", "22.FriendBits\22.FriendBits.csproj", "{0ADC0983-91E1-4B02-9930-748D1D146AD0}"
EndProject
Global
	GlobalSection(SolutionConfigurationPlatforms) = preSolution
		Debug|Any CPU = Debug|Any CPU
		Release|Any CPU = Release|Any CPU
	EndGlobalSection
	GlobalSection(ProjectConfigurationPlatforms) = postSolution
		{356DF91A-FB4F-409B-ACE5-A0E09474113D}.Debug|Any CPU.ActiveCfg = Debug|Any CPU
		{356DF91A-FB4F-409B-ACE5-A0E09474113D}.Debug|Any CPU.Build.0 = Debug|Any CPU
		{356DF91A-FB4F-409B-ACE5-A0E09474113D}.Release|Any CPU.ActiveCfg = Release|Any CPU
		{356DF91A-FB4F-409B-ACE5-A0E09474113D}.Release|Any CPU.Build.0 = Release|Any CPU
		{95399635-CDE7-4F2E-A052-264787985E8E}.Debug|Any CPU.ActiveCfg = Debug|Any CPU
		{95399635-CDE7-4F2E-A052-264787985E8E}.Debug|Any CPU.Build.0 = Debug|Any CPU
		{95399635-CDE7-4F2E-A052-264787985E8E}.Release|Any CPU.ActiveCfg = Release|Any CPU
		{95399635-CDE7-4F2E-A052-264787985E8E}.Release|Any CPU.Build.0 = Release|Any CPU
		{F5BDC423-4A44-49C9-AF24-269FB6ED53DC}.Debug|Any CPU.ActiveCfg = Debug|Any CPU
		{F5BDC423-4A44-49C9-AF24-269FB6ED53DC}.Debug|Any CPU.Build.0 = Debug|Any CPU
		{F5BDC423-4A44-49C9-AF24-269FB6ED53DC}.Release|Any CPU.ActiveCfg = Release|Any CPU
		{F5BDC423-4A44-49C9-AF24-269FB6ED53DC}.Release|Any CPU.Build.0 = Release|Any CPU
		{BD6B3DB8-F74B-4077-BB6B-07D8C5345EA1}.Debug|Any CPU.ActiveCfg = Debug|Any CPU
		{BD6B3DB8-F74B-4077-BB6B-07D8C5345EA1}.Debug|Any CPU.Build.0 = Debug|Any CPU
		{BD6B3DB8-F74B-4077-BB6B-07D8C5345EA1}.Release|Any CPU.ActiveCfg = Release|Any CPU
		{BD6B3DB8-F74B-4077-BB6B-07D8C5345EA1}.Release|Any CPU.Build.0 = Release|Any CPU
		{F4E5C456-04FD-41F7-BC75-580DBF434B39}.Debug|Any CPU.ActiveCfg = Debug|Any CPU
		{F4E5C456-04FD-41F7-BC75-580DBF434B39}.Debug|Any CPU.Build.0 = Debug|Any CPU
		{F4E5C456-04FD-41F7-BC75-580DBF434B39}.Release|Any CPU.ActiveCfg = Release|Any CPU
		{F4E5C456-04FD-41F7-BC75-580DBF434B39}.Release|Any CPU.Build.0 = Release|Any CPU
		{D7FEC97B-47C1-4C7E-B344-B40FD255B75D}.Debug|Any CPU.ActiveCfg = Debug|Any CPU
		{D7FEC97B-47C1-4C7E-B344-B40FD255B75D}.Debug|Any CPU.Build.0 = Debug|Any CPU
		{D7FEC97B-47C1-4C7E-B344-B40FD255B75D}.Release|Any CPU.ActiveCfg = Release|Any CPU
		{D7FEC97B-47C1-4C7E-B344-B40FD255B75D}.Release|Any CPU.Build.0 = Release|Any CPU
		{05873C4C-4057-4CAD-8047-BEBA8C2C6446}.Debug|Any CPU.ActiveCfg = Debug|Any CPU
		{05873C4C-4057-4CAD-8047-BEBA8C2C6446}.Debug|Any CPU.Build.0 = Debug|Any CPU
		{05873C4C-4057-4CAD-8047-BEBA8C2C6446}.Release|Any CPU.ActiveCfg = Release|Any CPU
		{05873C4C-4057-4CAD-8047-BEBA8C2C6446}.Release|Any CPU.Build.0 = Release|Any CPU
		{068C33F1-7219-49F1-9ED7-9937F6F2BAAA}.Debug|Any CPU.ActiveCfg = Debug|Any CPU
		{068C33F1-7219-49F1-9ED7-9937F6F2BAAA}.Debug|Any CPU.Build.0 = Debug|Any CPU
		{068C33F1-7219-49F1-9ED7-9937F6F2BAAA}.Release|Any CPU.ActiveCfg = Release|Any CPU
		{068C33F1-7219-49F1-9ED7-9937F6F2BAAA}.Release|Any CPU.Build.0 = Release|Any CPU
		{DA561CA0-0F55-4CD8-928C-2E7455ED6A85}.Debug|Any CPU.ActiveCfg = Debug|Any CPU
		{DA561CA0-0F55-4CD8-928C-2E7455ED6A85}.Debug|Any CPU.Build.0 = Debug|Any CPU
		{DA561CA0-0F55-4CD8-928C-2E7455ED6A85}.Release|Any CPU.ActiveCfg = Release|Any CPU
		{DA561CA0-0F55-4CD8-928C-2E7455ED6A85}.Release|Any CPU.Build.0 = Release|Any CPU
		{37A6E8F8-D7BD-4B68-9A96-9E8A1CA56B9A}.Debug|Any CPU.ActiveCfg = Debug|Any CPU
		{37A6E8F8-D7BD-4B68-9A96-9E8A1CA56B9A}.Debug|Any CPU.Build.0 = Debug|Any CPU
		{37A6E8F8-D7BD-4B68-9A96-9E8A1CA56B9A}.Release|Any CPU.ActiveCfg = Release|Any CPU
		{37A6E8F8-D7BD-4B68-9A96-9E8A1CA56B9A}.Release|Any CPU.Build.0 = Release|Any CPU
		{5851A905-9B9D-4816-8C17-9CCB485BE8B6}.Debug|Any CPU.ActiveCfg = Debug|Any CPU
		{5851A905-9B9D-4816-8C17-9CCB485BE8B6}.Debug|Any CPU.Build.0 = Debug|Any CPU
		{5851A905-9B9D-4816-8C17-9CCB485BE8B6}.Release|Any CPU.ActiveCfg = Release|Any CPU
		{5851A905-9B9D-4816-8C17-9CCB485BE8B6}.Release|Any CPU.Build.0 = Release|Any CPU
		{A4A883DD-884C-497D-BF96-4479CDE966E1}.Debug|Any CPU.ActiveCfg = Debug|Any CPU
		{A4A883DD-884C-497D-BF96-4479CDE966E1}.Debug|Any CPU.Build.0 = Debug|Any CPU
		{A4A883DD-884C-497D-BF96-4479CDE966E1}.Release|Any CPU.ActiveCfg = Release|Any CPU
		{A4A883DD-884C-497D-BF96-4479CDE966E1}.Release|Any CPU.Build.0 = Release|Any CPU
		{172F2564-0200-4546-836C-FA758BABECCE}.Debug|Any CPU.ActiveCfg = Debug|Any CPU
		{172F2564-0200-4546-836C-FA758BABECCE}.Debug|Any CPU.Build.0 = Debug|Any CPU
		{172F2564-0200-4546-836C-FA758BABECCE}.Release|Any CPU.ActiveCfg = Release|Any CPU
		{172F2564-0200-4546-836C-FA758BABECCE}.Release|Any CPU.Build.0 = Release|Any CPU
		{BD4ACB03-E1C5-4F5A-AD9B-08C90A73E774}.Debug|Any CPU.ActiveCfg = Debug|Any CPU
		{BD4ACB03-E1C5-4F5A-AD9B-08C90A73E774}.Debug|Any CPU.Build.0 = Debug|Any CPU
		{BD4ACB03-E1C5-4F5A-AD9B-08C90A73E774}.Release|Any CPU.ActiveCfg = Release|Any CPU
		{BD4ACB03-E1C5-4F5A-AD9B-08C90A73E774}.Release|Any CPU.Build.0 = Release|Any CPU
		{29B558C0-786D-44AD-9912-E36A0B81D4B7}.Debug|Any CPU.ActiveCfg = Debug|Any CPU
		{29B558C0-786D-44AD-9912-E36A0B81D4B7}.Debug|Any CPU.Build.0 = Debug|Any CPU
		{29B558C0-786D-44AD-9912-E36A0B81D4B7}.Release|Any CPU.ActiveCfg = Release|Any CPU
		{29B558C0-786D-44AD-9912-E36A0B81D4B7}.Release|Any CPU.Build.0 = Release|Any CPU
		{C31D2820-166F-4759-8A5B-9FC355ABB657}.Debug|Any CPU.ActiveCfg = Debug|Any CPU
		{C31D2820-166F-4759-8A5B-9FC355ABB657}.Debug|Any CPU.Build.0 = Debug|Any CPU
		{C31D2820-166F-4759-8A5B-9FC355ABB657}.Release|Any CPU.ActiveCfg = Release|Any CPU
		{C31D2820-166F-4759-8A5B-9FC355ABB657}.Release|Any CPU.Build.0 = Release|Any CPU
		{3686380F-952B-479D-B69F-40FAAB13EAE1}.Debug|Any CPU.ActiveCfg = Debug|Any CPU
		{3686380F-952B-479D-B69F-40FAAB13EAE1}.Debug|Any CPU.Build.0 = Debug|Any CPU
		{3686380F-952B-479D-B69F-40FAAB13EAE1}.Release|Any CPU.ActiveCfg = Release|Any CPU
		{3686380F-952B-479D-B69F-40FAAB13EAE1}.Release|Any CPU.Build.0 = Release|Any CPU
		{E158EA09-FCAA-4B89-BB7E-04799483A94F}.Debug|Any CPU.ActiveCfg = Debug|Any CPU
		{E158EA09-FCAA-4B89-BB7E-04799483A94F}.Debug|Any CPU.Build.0 = Debug|Any CPU
		{E158EA09-FCAA-4B89-BB7E-04799483A94F}.Release|Any CPU.ActiveCfg = Release|Any CPU
		{E158EA09-FCAA-4B89-BB7E-04799483A94F}.Release|Any CPU.Build.0 = Release|Any CPU
		{7899B10E-2427-4C13-AFD7-6DD635D807BF}.Debug|Any CPU.ActiveCfg = Debug|Any CPU
		{7899B10E-2427-4C13-AFD7-6DD635D807BF}.Debug|Any CPU.Build.0 = Debug|Any CPU
		{7899B10E-2427-4C13-AFD7-6DD635D807BF}.Release|Any CPU.ActiveCfg = Release|Any CPU
		{7899B10E-2427-4C13-AFD7-6DD635D807BF}.Release|Any CPU.Build.0 = Release|Any CPU
		{95621DE4-9E44-4EA5-B1D9-B7310195FAF6}.Debug|Any CPU.ActiveCfg = Debug|Any CPU
		{95621DE4-9E44-4EA5-B1D9-B7310195FAF6}.Debug|Any CPU.Build.0 = Debug|Any CPU
		{95621DE4-9E44-4EA5-B1D9-B7310195FAF6}.Release|Any CPU.ActiveCfg = Release|Any CPU
		{95621DE4-9E44-4EA5-B1D9-B7310195FAF6}.Release|Any CPU.Build.0 = Release|Any CPU
		{B2FEA81F-DA45-4773-89DB-7F54C8F65AFD}.Debug|Any CPU.ActiveCfg = Debug|Any CPU
		{B2FEA81F-DA45-4773-89DB-7F54C8F65AFD}.Debug|Any CPU.Build.0 = Debug|Any CPU
		{B2FEA81F-DA45-4773-89DB-7F54C8F65AFD}.Release|Any CPU.ActiveCfg = Release|Any CPU
		{B2FEA81F-DA45-4773-89DB-7F54C8F65AFD}.Release|Any CPU.Build.0 = Release|Any CPU
		{3DF66AB4-4AA6-4B90-8A68-EE614FAA9A66}.Debug|Any CPU.ActiveCfg = Debug|Any CPU
		{3DF66AB4-4AA6-4B90-8A68-EE614FAA9A66}.Debug|Any CPU.Build.0 = Debug|Any CPU
		{3DF66AB4-4AA6-4B90-8A68-EE614FAA9A66}.Release|Any CPU.ActiveCfg = Release|Any CPU
		{3DF66AB4-4AA6-4B90-8A68-EE614FAA9A66}.Release|Any CPU.Build.0 = Release|Any CPU
		{2484CCE3-02B7-477E-BA82-4079E3596884}.Debug|Any CPU.ActiveCfg = Debug|Any CPU
		{2484CCE3-02B7-477E-BA82-4079E3596884}.Debug|Any CPU.Build.0 = Debug|Any CPU
		{2484CCE3-02B7-477E-BA82-4079E3596884}.Release|Any CPU.ActiveCfg = Release|Any CPU
		{2484CCE3-02B7-477E-BA82-4079E3596884}.Release|Any CPU.Build.0 = Release|Any CPU
		{906EF8A3-6729-41B6-BB49-0B35EBEA6B0E}.Debug|Any CPU.ActiveCfg = Debug|Any CPU
		{906EF8A3-6729-41B6-BB49-0B35EBEA6B0E}.Debug|Any CPU.Build.0 = Debug|Any CPU
		{906EF8A3-6729-41B6-BB49-0B35EBEA6B0E}.Release|Any CPU.ActiveCfg = Release|Any CPU
		{906EF8A3-6729-41B6-BB49-0B35EBEA6B0E}.Release|Any CPU.Build.0 = Release|Any CPU
		{A3C3DDA1-1D39-4D64-A8BD-30081BB38B27}.Debug|Any CPU.ActiveCfg = Debug|Any CPU
		{A3C3DDA1-1D39-4D64-A8BD-30081BB38B27}.Debug|Any CPU.Build.0 = Debug|Any CPU
		{A3C3DDA1-1D39-4D64-A8BD-30081BB38B27}.Release|Any CPU.ActiveCfg = Release|Any CPU
		{A3C3DDA1-1D39-4D64-A8BD-30081BB38B27}.Release|Any CPU.Build.0 = Release|Any CPU
		{1624765D-4545-40E8-AEE5-83A6CA0B53B3}.Debug|Any CPU.ActiveCfg = Debug|Any CPU
		{1624765D-4545-40E8-AEE5-83A6CA0B53B3}.Debug|Any CPU.Build.0 = Debug|Any CPU
		{1624765D-4545-40E8-AEE5-83A6CA0B53B3}.Release|Any CPU.ActiveCfg = Release|Any CPU
		{1624765D-4545-40E8-AEE5-83A6CA0B53B3}.Release|Any CPU.Build.0 = Release|Any CPU
		{AE8DC954-B3BE-4892-A806-7E581A782903}.Debug|Any CPU.ActiveCfg = Debug|Any CPU
		{AE8DC954-B3BE-4892-A806-7E581A782903}.Debug|Any CPU.Build.0 = Debug|Any CPU
		{AE8DC954-B3BE-4892-A806-7E581A782903}.Release|Any CPU.ActiveCfg = Release|Any CPU
		{AE8DC954-B3BE-4892-A806-7E581A782903}.Release|Any CPU.Build.0 = Release|Any CPU
		{AFFF94CC-12B3-4E4B-8AE9-B3D2B0346338}.Debug|Any CPU.ActiveCfg = Debug|Any CPU
		{AFFF94CC-12B3-4E4B-8AE9-B3D2B0346338}.Debug|Any CPU.Build.0 = Debug|Any CPU
		{AFFF94CC-12B3-4E4B-8AE9-B3D2B0346338}.Release|Any CPU.ActiveCfg = Release|Any CPU
		{AFFF94CC-12B3-4E4B-8AE9-B3D2B0346338}.Release|Any CPU.Build.0 = Release|Any CPU
		{1FAEEAA9-07E3-4FA7-B618-4DF7711F9F83}.Debug|Any CPU.ActiveCfg = Debug|Any CPU
		{1FAEEAA9-07E3-4FA7-B618-4DF7711F9F83}.Debug|Any CPU.Build.0 = Debug|Any CPU
		{1FAEEAA9-07E3-4FA7-B618-4DF7711F9F83}.Release|Any CPU.ActiveCfg = Release|Any CPU
		{1FAEEAA9-07E3-4FA7-B618-4DF7711F9F83}.Release|Any CPU.Build.0 = Release|Any CPU
		{2A1E3D22-D6C0-4852-B9E2-90C237886124}.Debug|Any CPU.ActiveCfg = Debug|Any CPU
		{2A1E3D22-D6C0-4852-B9E2-90C237886124}.Debug|Any CPU.Build.0 = Debug|Any CPU
		{2A1E3D22-D6C0-4852-B9E2-90C237886124}.Release|Any CPU.ActiveCfg = Release|Any CPU
		{2A1E3D22-D6C0-4852-B9E2-90C237886124}.Release|Any CPU.Build.0 = Release|Any CPU
		{7C7614CB-1287-4CBF-B197-699193724B51}.Debug|Any CPU.ActiveCfg = Debug|Any CPU
		{7C7614CB-1287-4CBF-B197-699193724B51}.Debug|Any CPU.Build.0 = Debug|Any CPU
		{7C7614CB-1287-4CBF-B197-699193724B51}.Release|Any CPU.ActiveCfg = Release|Any CPU
		{7C7614CB-1287-4CBF-B197-699193724B51}.Release|Any CPU.Build.0 = Release|Any CPU
		{240DA98A-BD31-4911-82DD-8582A328246C}.Debug|Any CPU.ActiveCfg = Debug|Any CPU
		{240DA98A-BD31-4911-82DD-8582A328246C}.Debug|Any CPU.Build.0 = Debug|Any CPU
		{240DA98A-BD31-4911-82DD-8582A328246C}.Release|Any CPU.ActiveCfg = Release|Any CPU
		{240DA98A-BD31-4911-82DD-8582A328246C}.Release|Any CPU.Build.0 = Release|Any CPU
		{C0A97C32-ABB1-4A89-8B4A-CB392D3ACB3C}.Debug|Any CPU.ActiveCfg = Debug|Any CPU
		{C0A97C32-ABB1-4A89-8B4A-CB392D3ACB3C}.Debug|Any CPU.Build.0 = Debug|Any CPU
		{C0A97C32-ABB1-4A89-8B4A-CB392D3ACB3C}.Release|Any CPU.ActiveCfg = Release|Any CPU
		{C0A97C32-ABB1-4A89-8B4A-CB392D3ACB3C}.Release|Any CPU.Build.0 = Release|Any CPU
		{AF81ED71-1C8C-4C47-AEFA-584009C33AB4}.Debug|Any CPU.ActiveCfg = Debug|Any CPU
		{AF81ED71-1C8C-4C47-AEFA-584009C33AB4}.Debug|Any CPU.Build.0 = Debug|Any CPU
		{AF81ED71-1C8C-4C47-AEFA-584009C33AB4}.Release|Any CPU.ActiveCfg = Release|Any CPU
		{AF81ED71-1C8C-4C47-AEFA-584009C33AB4}.Release|Any CPU.Build.0 = Release|Any CPU
		{C3461C8E-F1EB-4260-8B47-D5B917998981}.Debug|Any CPU.ActiveCfg = Debug|Any CPU
		{C3461C8E-F1EB-4260-8B47-D5B917998981}.Debug|Any CPU.Build.0 = Debug|Any CPU
		{C3461C8E-F1EB-4260-8B47-D5B917998981}.Release|Any CPU.ActiveCfg = Release|Any CPU
		{C3461C8E-F1EB-4260-8B47-D5B917998981}.Release|Any CPU.Build.0 = Release|Any CPU
		{51C2D51E-700B-4158-90DF-7E22CDA2BE63}.Debug|Any CPU.ActiveCfg = Debug|Any CPU
		{51C2D51E-700B-4158-90DF-7E22CDA2BE63}.Debug|Any CPU.Build.0 = Debug|Any CPU
		{51C2D51E-700B-4158-90DF-7E22CDA2BE63}.Release|Any CPU.ActiveCfg = Release|Any CPU
		{51C2D51E-700B-4158-90DF-7E22CDA2BE63}.Release|Any CPU.Build.0 = Release|Any CPU
		{62C1422B-9B4D-445B-B726-228915E7B930}.Debug|Any CPU.ActiveCfg = Debug|Any CPU
		{62C1422B-9B4D-445B-B726-228915E7B930}.Debug|Any CPU.Build.0 = Debug|Any CPU
		{62C1422B-9B4D-445B-B726-228915E7B930}.Release|Any CPU.ActiveCfg = Release|Any CPU
		{62C1422B-9B4D-445B-B726-228915E7B930}.Release|Any CPU.Build.0 = Release|Any CPU
		{0ADC0983-91E1-4B02-9930-748D1D146AD0}.Debug|Any CPU.ActiveCfg = Debug|Any CPU
		{0ADC0983-91E1-4B02-9930-748D1D146AD0}.Debug|Any CPU.Build.0 = Debug|Any CPU
		{0ADC0983-91E1-4B02-9930-748D1D146AD0}.Release|Any CPU.ActiveCfg = Release|Any CPU
		{0ADC0983-91E1-4B02-9930-748D1D146AD0}.Release|Any CPU.Build.0 = Release|Any CPU
	EndGlobalSection
	GlobalSection(SolutionProperties) = preSolution
		HideSolutionNode = FALSE
	EndGlobalSection
EndGlobal
