
Microsoft Visual Studio Solution File, Format Version 12.00
# Visual Studio 2013
VisualStudioVersion = 12.0.21005.1
MinimumVisualStudioVersion = 10.0.40219.1
Project("{FAE04EC0-301F-11D3-BF4B-00C04F79EFBC}") = "1.CompoundInterest", "1.CompoundInterest\1.CompoundInterest.csproj", "{61F25DEF-E5F7-480D-9166-9574483DB800}"
EndProject
Project("{FAE04EC0-301F-11D3-BF4B-00C04F79EFBC}") = "2.PetarsGame", "2.PetarsGame\2.PetarsGame.csproj", "{8B0D7F2A-554E-4B31-AE12-5F38ECA1091E}"
EndProject
Project("{FAE04EC0-301F-11D3-BF4B-00C04F79EFBC}") = "3.Sunlight", "3.Sunlight\3.Sunlight.csproj", "{9506E74C-0935-4D9F-9417-D18F9BF6882A}"
EndProject
Project("{FAE04EC0-301F-11D3-BF4B-00C04F79EFBC}") = "4.EncryptTheMessages", "4.EncryptTheMessages\4.EncryptTheMessages.csproj", "{11D1F4BA-F9CB-4FEC-91B7-4CD0AC995D2A}"
EndProject
Project("{FAE04EC0-301F-11D3-BF4B-00C04F79EFBC}") = "5.GameOfLife", "5.GameOfLife\5.GameOfLife.csproj", "{4506F1BA-E1DA-4797-B2ED-C8E110E973A7}"
EndProject
Global
	GlobalSection(SolutionConfigurationPlatforms) = preSolution
		Debug|Any CPU = Debug|Any CPU
		Release|Any CPU = Release|Any CPU
	EndGlobalSection
	GlobalSection(ProjectConfigurationPlatforms) = postSolution
		{61F25DEF-E5F7-480D-9166-9574483DB800}.Debug|Any CPU.ActiveCfg = Debug|Any CPU
		{61F25DEF-E5F7-480D-9166-9574483DB800}.Debug|Any CPU.Build.0 = Debug|Any CPU
		{61F25DEF-E5F7-480D-9166-9574483DB800}.Release|Any CPU.ActiveCfg = Release|Any CPU
		{61F25DEF-E5F7-480D-9166-9574483DB800}.Release|Any CPU.Build.0 = Release|Any CPU
		{8B0D7F2A-554E-4B31-AE12-5F38ECA1091E}.Debug|Any CPU.ActiveCfg = Debug|Any CPU
		{8B0D7F2A-554E-4B31-AE12-5F38ECA1091E}.Debug|Any CPU.Build.0 = Debug|Any CPU
		{8B0D7F2A-554E-4B31-AE12-5F38ECA1091E}.Release|Any CPU.ActiveCfg = Release|Any CPU
		{8B0D7F2A-554E-4B31-AE12-5F38ECA1091E}.Release|Any CPU.Build.0 = Release|Any CPU
		{9506E74C-0935-4D9F-9417-D18F9BF6882A}.Debug|Any CPU.ActiveCfg = Debug|Any CPU
		{9506E74C-0935-4D9F-9417-D18F9BF6882A}.Debug|Any CPU.Build.0 = Debug|Any CPU
		{9506E74C-0935-4D9F-9417-D18F9BF6882A}.Release|Any CPU.ActiveCfg = Release|Any CPU
		{9506E74C-0935-4D9F-9417-D18F9BF6882A}.Release|Any CPU.Build.0 = Release|Any CPU
		{11D1F4BA-F9CB-4FEC-91B7-4CD0AC995D2A}.Debug|Any CPU.ActiveCfg = Debug|Any CPU
		{11D1F4BA-F9CB-4FEC-91B7-4CD0AC995D2A}.Debug|Any CPU.Build.0 = Debug|Any CPU
		{11D1F4BA-F9CB-4FEC-91B7-4CD0AC995D2A}.Release|Any CPU.ActiveCfg = Release|Any CPU
		{11D1F4BA-F9CB-4FEC-91B7-4CD0AC995D2A}.Release|Any CPU.Build.0 = Release|Any CPU
		{4506F1BA-E1DA-4797-B2ED-C8E110E973A7}.Debug|Any CPU.ActiveCfg = Debug|Any CPU
		{4506F1BA-E1DA-4797-B2ED-C8E110E973A7}.Debug|Any CPU.Build.0 = Debug|Any CPU
		{4506F1BA-E1DA-4797-B2ED-C8E110E973A7}.Release|Any CPU.ActiveCfg = Release|Any CPU
		{4506F1BA-E1DA-4797-B2ED-C8E110E973A7}.Release|Any CPU.Build.0 = Release|Any CPU
	EndGlobalSection
	GlobalSection(SolutionProperties) = preSolution
		HideSolutionNode = FALSE
	EndGlobalSection
EndGlobal
