
Microsoft Visual Studio Solution File, Format Version 12.00
# Visual Studio 2013
VisualStudioVersion = 12.0.21005.1
MinimumVisualStudioVersion = 10.0.40219.1
Project("{FAE04EC0-301F-11D3-BF4B-00C04F79EFBC}") = "1.FourFactors", "1.FourFactors\1.FourFactors.csproj", "{D9A6B7CB-E10C-438F-8177-AC50ACB66868}"
EndProject
Project("{FAE04EC0-301F-11D3-BF4B-00C04F79EFBC}") = "2.DetectiveBoev", "2.DetectiveBoev\2.DetectiveBoev.csproj", "{734C4DF8-8B1D-4C16-B198-E97AC3626AC3}"
EndProject
Project("{FAE04EC0-301F-11D3-BF4B-00C04F79EFBC}") = "3.Summertime", "3.Summertime\3.Summertime.csproj", "{F8C85D8D-33FF-4433-877B-D995B43A6134}"
EndProject
Project("{FAE04EC0-301F-11D3-BF4B-00C04F79EFBC}") = "4.LightTheTorches", "4.LightTheTorches\4.LightTheTorches.csproj", "{0D3E4117-07B0-415B-9BF7-2C3AC695960F}"
EndProject
Project("{FAE04EC0-301F-11D3-BF4B-00C04F79EFBC}") = "5.WiggleWiggle", "5.WiggleWiggle\5.WiggleWiggle.csproj", "{D9695A06-4109-4A0C-87EA-AAD641FC68B6}"
EndProject
Global
	GlobalSection(SolutionConfigurationPlatforms) = preSolution
		Debug|Any CPU = Debug|Any CPU
		Release|Any CPU = Release|Any CPU
	EndGlobalSection
	GlobalSection(ProjectConfigurationPlatforms) = postSolution
		{D9A6B7CB-E10C-438F-8177-AC50ACB66868}.Debug|Any CPU.ActiveCfg = Debug|Any CPU
		{D9A6B7CB-E10C-438F-8177-AC50ACB66868}.Debug|Any CPU.Build.0 = Debug|Any CPU
		{D9A6B7CB-E10C-438F-8177-AC50ACB66868}.Release|Any CPU.ActiveCfg = Release|Any CPU
		{D9A6B7CB-E10C-438F-8177-AC50ACB66868}.Release|Any CPU.Build.0 = Release|Any CPU
		{734C4DF8-8B1D-4C16-B198-E97AC3626AC3}.Debug|Any CPU.ActiveCfg = Debug|Any CPU
		{734C4DF8-8B1D-4C16-B198-E97AC3626AC3}.Debug|Any CPU.Build.0 = Debug|Any CPU
		{734C4DF8-8B1D-4C16-B198-E97AC3626AC3}.Release|Any CPU.ActiveCfg = Release|Any CPU
		{734C4DF8-8B1D-4C16-B198-E97AC3626AC3}.Release|Any CPU.Build.0 = Release|Any CPU
		{F8C85D8D-33FF-4433-877B-D995B43A6134}.Debug|Any CPU.ActiveCfg = Debug|Any CPU
		{F8C85D8D-33FF-4433-877B-D995B43A6134}.Debug|Any CPU.Build.0 = Debug|Any CPU
		{F8C85D8D-33FF-4433-877B-D995B43A6134}.Release|Any CPU.ActiveCfg = Release|Any CPU
		{F8C85D8D-33FF-4433-877B-D995B43A6134}.Release|Any CPU.Build.0 = Release|Any CPU
		{0D3E4117-07B0-415B-9BF7-2C3AC695960F}.Debug|Any CPU.ActiveCfg = Debug|Any CPU
		{0D3E4117-07B0-415B-9BF7-2C3AC695960F}.Debug|Any CPU.Build.0 = Debug|Any CPU
		{0D3E4117-07B0-415B-9BF7-2C3AC695960F}.Release|Any CPU.ActiveCfg = Release|Any CPU
		{0D3E4117-07B0-415B-9BF7-2C3AC695960F}.Release|Any CPU.Build.0 = Release|Any CPU
		{D9695A06-4109-4A0C-87EA-AAD641FC68B6}.Debug|Any CPU.ActiveCfg = Debug|Any CPU
		{D9695A06-4109-4A0C-87EA-AAD641FC68B6}.Debug|Any CPU.Build.0 = Debug|Any CPU
		{D9695A06-4109-4A0C-87EA-AAD641FC68B6}.Release|Any CPU.ActiveCfg = Release|Any CPU
		{D9695A06-4109-4A0C-87EA-AAD641FC68B6}.Release|Any CPU.Build.0 = Release|Any CPU
	EndGlobalSection
	GlobalSection(SolutionProperties) = preSolution
		HideSolutionNode = FALSE
	EndGlobalSection
EndGlobal
